
Microsoft Visual Studio Solution File, Format Version 12.00
# Visual Studio Version 17
VisualStudioVersion = 17.7.34031.279
MinimumVisualStudioVersion = 10.0.40219.1
Project("{9A19103F-16F7-4668-BE54-9A1E7A4F7556}") = "DesafioPOO", "DesafioPOO.csproj", "{BCCD9036-6426-469D-A350-584EA5803102}"
EndProject
Global
	GlobalSection(SolutionConfigurationPlatforms) = preSolution
		Debug|Any CPU = Debug|Any CPU
		Release|Any CPU = Release|Any CPU
	EndGlobalSection
	GlobalSection(ProjectConfigurationPlatforms) = postSolution
		{BCCD9036-6426-469D-A350-584EA5803102}.Debug|Any CPU.ActiveCfg = Debug|Any CPU
		{BCCD9036-6426-469D-A350-584EA5803102}.Debug|Any CPU.Build.0 = Debug|Any CPU
		{BCCD9036-6426-469D-A350-584EA5803102}.Release|Any CPU.ActiveCfg = Release|Any CPU
		{BCCD9036-6426-469D-A350-584EA5803102}.Release|Any CPU.Build.0 = Release|Any CPU
	EndGlobalSection
	GlobalSection(SolutionProperties) = preSolution
		HideSolutionNode = FALSE
	EndGlobalSection
	GlobalSection(ExtensibilityGlobals) = postSolution
		SolutionGuid = {371CB837-8799-4760-825E-E17C1DDBAADF}
	EndGlobalSection
EndGlobal
